// !$*UTF8*$!
{
	archiveVersion = 1;
	classes = {
	};
	objectVersion = 46;
	objects = {

/* Begin PBXBuildFile section */
		9C14CDCA1B7EDC70008EF6C2 /* MissionAlertTableViewCell.m in Sources */ = {isa = PBXBuildFile; fileRef = 9C14CDC81B7EDC70008EF6C2 /* MissionAlertTableViewCell.m */; };
		9C14CDCB1B7EDC70008EF6C2 /* MissionAlertTableViewCell.xib in Resources */ = {isa = PBXBuildFile; fileRef = 9C14CDC91B7EDC70008EF6C2 /* MissionAlertTableViewCell.xib */; };
		9C14CDD01B7F1D32008EF6C2 /* DataDesign in Resources */ = {isa = PBXBuildFile; fileRef = 9C14CDCF1B7F1D32008EF6C2 /* DataDesign */; };
		9C14CDD31B7F3ABD008EF6C2 /* Package.m in Sources */ = {isa = PBXBuildFile; fileRef = 9C14CDD21B7F3ABD008EF6C2 /* Package.m */; };
		9C14CDD91B7F3ABD008EF6C2 /* MissionRecord.m in Sources */ = {isa = PBXBuildFile; fileRef = 9C14CDD81B7F3ABD008EF6C2 /* MissionRecord.m */; };
		9C14CDDE1B7F6EB7008EF6C2 /* Mission.m in Sources */ = {isa = PBXBuildFile; fileRef = 9C14CDDD1B7F6EB7008EF6C2 /* Mission.m */; };
		9CE453E91B6E4ABC0099F5C8 /* main.m in Sources */ = {isa = PBXBuildFile; fileRef = 9CE453E81B6E4ABC0099F5C8 /* main.m */; };
		9CE453EC1B6E4ABC0099F5C8 /* AppDelegate.m in Sources */ = {isa = PBXBuildFile; fileRef = 9CE453EB1B6E4ABC0099F5C8 /* AppDelegate.m */; };
		9CE453EF1B6E4ABC0099F5C8 /* ViewController.m in Sources */ = {isa = PBXBuildFile; fileRef = 9CE453EE1B6E4ABC0099F5C8 /* ViewController.m */; };
		9CE453F21B6E4ABC0099F5C8 /* Main.storyboard in Resources */ = {isa = PBXBuildFile; fileRef = 9CE453F01B6E4ABC0099F5C8 /* Main.storyboard */; };
		9CE453F41B6E4ABD0099F5C8 /* Images.xcassets in Resources */ = {isa = PBXBuildFile; fileRef = 9CE453F31B6E4ABC0099F5C8 /* Images.xcassets */; };
		9CE453F71B6E4ABD0099F5C8 /* LaunchScreen.xib in Resources */ = {isa = PBXBuildFile; fileRef = 9CE453F51B6E4ABD0099F5C8 /* LaunchScreen.xib */; };
		9CE454031B6E4ABD0099F5C8 /* RountineTests.m in Sources */ = {isa = PBXBuildFile; fileRef = 9CE454021B6E4ABD0099F5C8 /* RountineTests.m */; };
		9CE4540E1B6E4C6C0099F5C8 /* Mission.xcdatamodeld in Sources */ = {isa = PBXBuildFile; fileRef = 9CE4540C1B6E4C6C0099F5C8 /* Mission.xcdatamodeld */; };
		9CE454141B6E4EDC0099F5C8 /* CoreDataManager.m in Sources */ = {isa = PBXBuildFile; fileRef = 9CE454131B6E4EDC0099F5C8 /* CoreDataManager.m */; };
		9CE454171B6E50490099F5C8 /* MissionListTableViewController.m in Sources */ = {isa = PBXBuildFile; fileRef = 9CE454161B6E50490099F5C8 /* MissionListTableViewController.m */; };
		9CE4541A1B6E50BE0099F5C8 /* MissionListTableViewCell.m in Sources */ = {isa = PBXBuildFile; fileRef = 9CE454191B6E50BE0099F5C8 /* MissionListTableViewCell.m */; };
		9CF6C9741B72F0FB008FA1E3 /* MIssionDetailViewController.m in Sources */ = {isa = PBXBuildFile; fileRef = 9CF6C9731B72F0FB008FA1E3 /* MIssionDetailViewController.m */; };
		9CF6C9771B72FB00008FA1E3 /* NotificationSettingTableTableViewController.m in Sources */ = {isa = PBXBuildFile; fileRef = 9CF6C9761B72FB00008FA1E3 /* NotificationSettingTableTableViewController.m */; };
		9CF6C97D1B730A31008FA1E3 /* EventView.m in Sources */ = {isa = PBXBuildFile; fileRef = 9CF6C97C1B730A31008FA1E3 /* EventView.m */; };
		9CF6C9891B7612EA008FA1E3 /* CircleView.m in Sources */ = {isa = PBXBuildFile; fileRef = 9CF6C9881B7612EA008FA1E3 /* CircleView.m */; };
		9CF6C98C1B774B36008FA1E3 /* MissionDetailTableViewController.m in Sources */ = {isa = PBXBuildFile; fileRef = 9CF6C98B1B774B36008FA1E3 /* MissionDetailTableViewController.m */; };
		9CF6C9921B77606B008FA1E3 /* AccumulatedBonusTableViewController.m in Sources */ = {isa = PBXBuildFile; fileRef = 9CF6C9911B77606B008FA1E3 /* AccumulatedBonusTableViewController.m */; };
		9CF6C9951B777E11008FA1E3 /* TitleTableViewCell.m in Sources */ = {isa = PBXBuildFile; fileRef = 9CF6C9941B777E11008FA1E3 /* TitleTableViewCell.m */; };
		9CF6C9991B777EDC008FA1E3 /* DetailTableViewCell.m in Sources */ = {isa = PBXBuildFile; fileRef = 9CF6C9971B777EDC008FA1E3 /* DetailTableViewCell.m */; };
		9CF6C99A1B777EDC008FA1E3 /* DetailTableViewCell.xib in Resources */ = {isa = PBXBuildFile; fileRef = 9CF6C9981B777EDC008FA1E3 /* DetailTableViewCell.xib */; };
		9CF6C9A31B778E2F008FA1E3 /* MissionDetailContentTableViewCell.m in Sources */ = {isa = PBXBuildFile; fileRef = 9CF6C9A11B778E2F008FA1E3 /* MissionDetailContentTableViewCell.m */; };
		9CF6C9A41B778E2F008FA1E3 /* MissionDetailContentTableViewCell.xib in Resources */ = {isa = PBXBuildFile; fileRef = 9CF6C9A21B778E2F008FA1E3 /* MissionDetailContentTableViewCell.xib */; };
/* End PBXBuildFile section */

/* Begin PBXContainerItemProxy section */
		9CE453FD1B6E4ABD0099F5C8 /* PBXContainerItemProxy */ = {
			isa = PBXContainerItemProxy;
			containerPortal = 9CE453DB1B6E4ABC0099F5C8 /* Project object */;
			proxyType = 1;
			remoteGlobalIDString = 9CE453E21B6E4ABC0099F5C8;
			remoteInfo = Rountine;
		};
/* End PBXContainerItemProxy section */

/* Begin PBXFileReference section */
		9C14CDC71B7EDC70008EF6C2 /* MissionAlertTableViewCell.h */ = {isa = PBXFileReference; fileEncoding = 4; lastKnownFileType = sourcecode.c.h; path = MissionAlertTableViewCell.h; sourceTree = "<group>"; };
		9C14CDC81B7EDC70008EF6C2 /* MissionAlertTableViewCell.m */ = {isa = PBXFileReference; fileEncoding = 4; lastKnownFileType = sourcecode.c.objc; path = MissionAlertTableViewCell.m; sourceTree = "<group>"; };
		9C14CDC91B7EDC70008EF6C2 /* MissionAlertTableViewCell.xib */ = {isa = PBXFileReference; fileEncoding = 4; lastKnownFileType = file.xib; path = MissionAlertTableViewCell.xib; sourceTree = "<group>"; };
		9C14CDCF1B7F1D32008EF6C2 /* DataDesign */ = {isa = PBXFileReference; fileEncoding = 4; lastKnownFileType = text; path = DataDesign; sourceTree = "<group>"; };
		9C14CDD11B7F3ABD008EF6C2 /* Package.h */ = {isa = PBXFileReference; fileEncoding = 4; lastKnownFileType = sourcecode.c.h; name = Package.h; path = ../Package.h; sourceTree = "<group>"; };
		9C14CDD21B7F3ABD008EF6C2 /* Package.m */ = {isa = PBXFileReference; fileEncoding = 4; lastKnownFileType = sourcecode.c.objc; name = Package.m; path = ../Package.m; sourceTree = "<group>"; };
		9C14CDD71B7F3ABD008EF6C2 /* MissionRecord.h */ = {isa = PBXFileReference; fileEncoding = 4; lastKnownFileType = sourcecode.c.h; name = MissionRecord.h; path = ../MissionRecord.h; sourceTree = "<group>"; };
		9C14CDD81B7F3ABD008EF6C2 /* MissionRecord.m */ = {isa = PBXFileReference; fileEncoding = 4; lastKnownFileType = sourcecode.c.objc; name = MissionRecord.m; path = ../MissionRecord.m; sourceTree = "<group>"; };
		9C14CDDC1B7F6EB7008EF6C2 /* Mission.h */ = {isa = PBXFileReference; fileEncoding = 4; lastKnownFileType = sourcecode.c.h; name = Mission.h; path = ../Mission.h; sourceTree = "<group>"; };
		9C14CDDD1B7F6EB7008EF6C2 /* Mission.m */ = {isa = PBXFileReference; fileEncoding = 4; lastKnownFileType = sourcecode.c.objc; name = Mission.m; path = ../Mission.m; sourceTree = "<group>"; };
		9CE453E31B6E4ABC0099F5C8 /* Rountine.app */ = {isa = PBXFileReference; explicitFileType = wrapper.application; includeInIndex = 0; path = Rountine.app; sourceTree = BUILT_PRODUCTS_DIR; };
		9CE453E71B6E4ABC0099F5C8 /* Info.plist */ = {isa = PBXFileReference; lastKnownFileType = text.plist.xml; path = Info.plist; sourceTree = "<group>"; };
		9CE453E81B6E4ABC0099F5C8 /* main.m */ = {isa = PBXFileReference; lastKnownFileType = sourcecode.c.objc; path = main.m; sourceTree = "<group>"; };
		9CE453EA1B6E4ABC0099F5C8 /* AppDelegate.h */ = {isa = PBXFileReference; lastKnownFileType = sourcecode.c.h; path = AppDelegate.h; sourceTree = "<group>"; };
		9CE453EB1B6E4ABC0099F5C8 /* AppDelegate.m */ = {isa = PBXFileReference; lastKnownFileType = sourcecode.c.objc; path = AppDelegate.m; sourceTree = "<group>"; };
		9CE453ED1B6E4ABC0099F5C8 /* ViewController.h */ = {isa = PBXFileReference; lastKnownFileType = sourcecode.c.h; path = ViewController.h; sourceTree = "<group>"; };
		9CE453EE1B6E4ABC0099F5C8 /* ViewController.m */ = {isa = PBXFileReference; lastKnownFileType = sourcecode.c.objc; path = ViewController.m; sourceTree = "<group>"; };
		9CE453F11B6E4ABC0099F5C8 /* Base */ = {isa = PBXFileReference; lastKnownFileType = file.storyboard; name = Base; path = Base.lproj/Main.storyboard; sourceTree = "<group>"; };
		9CE453F31B6E4ABC0099F5C8 /* Images.xcassets */ = {isa = PBXFileReference; lastKnownFileType = folder.assetcatalog; path = Images.xcassets; sourceTree = "<group>"; };
		9CE453F61B6E4ABD0099F5C8 /* Base */ = {isa = PBXFileReference; lastKnownFileType = file.xib; name = Base; path = Base.lproj/LaunchScreen.xib; sourceTree = "<group>"; };
		9CE453FC1B6E4ABD0099F5C8 /* RountineTests.xctest */ = {isa = PBXFileReference; explicitFileType = wrapper.cfbundle; includeInIndex = 0; path = RountineTests.xctest; sourceTree = BUILT_PRODUCTS_DIR; };
		9CE454011B6E4ABD0099F5C8 /* Info.plist */ = {isa = PBXFileReference; lastKnownFileType = text.plist.xml; path = Info.plist; sourceTree = "<group>"; };
		9CE454021B6E4ABD0099F5C8 /* RountineTests.m */ = {isa = PBXFileReference; lastKnownFileType = sourcecode.c.objc; path = RountineTests.m; sourceTree = "<group>"; };
		9CE4540D1B6E4C6C0099F5C8 /* Mission.xcdatamodel */ = {isa = PBXFileReference; lastKnownFileType = wrapper.xcdatamodel; path = Mission.xcdatamodel; sourceTree = "<group>"; };
		9CE454121B6E4EDC0099F5C8 /* CoreDataManager.h */ = {isa = PBXFileReference; fileEncoding = 4; lastKnownFileType = sourcecode.c.h; path = CoreDataManager.h; sourceTree = "<group>"; };
		9CE454131B6E4EDC0099F5C8 /* CoreDataManager.m */ = {isa = PBXFileReference; fileEncoding = 4; lastKnownFileType = sourcecode.c.objc; path = CoreDataManager.m; sourceTree = "<group>"; };
		9CE454151B6E50490099F5C8 /* MissionListTableViewController.h */ = {isa = PBXFileReference; fileEncoding = 4; lastKnownFileType = sourcecode.c.h; path = MissionListTableViewController.h; sourceTree = "<group>"; };
		9CE454161B6E50490099F5C8 /* MissionListTableViewController.m */ = {isa = PBXFileReference; fileEncoding = 4; lastKnownFileType = sourcecode.c.objc; path = MissionListTableViewController.m; sourceTree = "<group>"; xcLanguageSpecificationIdentifier = xcode.lang.objc; };
		9CE454181B6E50BE0099F5C8 /* MissionListTableViewCell.h */ = {isa = PBXFileReference; fileEncoding = 4; lastKnownFileType = sourcecode.c.h; path = MissionListTableViewCell.h; sourceTree = "<group>"; };
		9CE454191B6E50BE0099F5C8 /* MissionListTableViewCell.m */ = {isa = PBXFileReference; fileEncoding = 4; lastKnownFileType = sourcecode.c.objc; path = MissionListTableViewCell.m; sourceTree = "<group>"; };
		9CF6C9721B72F0FB008FA1E3 /* MIssionDetailViewController.h */ = {isa = PBXFileReference; fileEncoding = 4; lastKnownFileType = sourcecode.c.h; name = MIssionDetailViewController.h; path = ../MIssionDetailViewController.h; sourceTree = "<group>"; };
		9CF6C9731B72F0FB008FA1E3 /* MIssionDetailViewController.m */ = {isa = PBXFileReference; fileEncoding = 4; lastKnownFileType = sourcecode.c.objc; name = MIssionDetailViewController.m; path = ../MIssionDetailViewController.m; sourceTree = "<group>"; };
		9CF6C9751B72FB00008FA1E3 /* NotificationSettingTableTableViewController.h */ = {isa = PBXFileReference; fileEncoding = 4; lastKnownFileType = sourcecode.c.h; path = NotificationSettingTableTableViewController.h; sourceTree = "<group>"; };
		9CF6C9761B72FB00008FA1E3 /* NotificationSettingTableTableViewController.m */ = {isa = PBXFileReference; fileEncoding = 4; lastKnownFileType = sourcecode.c.objc; path = NotificationSettingTableTableViewController.m; sourceTree = "<group>"; };
		9CF6C97B1B730A31008FA1E3 /* EventView.h */ = {isa = PBXFileReference; fileEncoding = 4; lastKnownFileType = sourcecode.c.h; name = EventView.h; path = ../EventView.h; sourceTree = "<group>"; };
		9CF6C97C1B730A31008FA1E3 /* EventView.m */ = {isa = PBXFileReference; fileEncoding = 4; lastKnownFileType = sourcecode.c.objc; name = EventView.m; path = ../EventView.m; sourceTree = "<group>"; };
		9CF6C9871B7612EA008FA1E3 /* CircleView.h */ = {isa = PBXFileReference; fileEncoding = 4; lastKnownFileType = sourcecode.c.h; path = CircleView.h; sourceTree = "<group>"; };
		9CF6C9881B7612EA008FA1E3 /* CircleView.m */ = {isa = PBXFileReference; fileEncoding = 4; lastKnownFileType = sourcecode.c.objc; path = CircleView.m; sourceTree = "<group>"; };
		9CF6C98A1B774B36008FA1E3 /* MissionDetailTableViewController.h */ = {isa = PBXFileReference; fileEncoding = 4; lastKnownFileType = sourcecode.c.h; path = MissionDetailTableViewController.h; sourceTree = "<group>"; };
		9CF6C98B1B774B36008FA1E3 /* MissionDetailTableViewController.m */ = {isa = PBXFileReference; fileEncoding = 4; lastKnownFileType = sourcecode.c.objc; path = MissionDetailTableViewController.m; sourceTree = "<group>"; };
		9CF6C9901B77606B008FA1E3 /* AccumulatedBonusTableViewController.h */ = {isa = PBXFileReference; fileEncoding = 4; lastKnownFileType = sourcecode.c.h; path = AccumulatedBonusTableViewController.h; sourceTree = "<group>"; };
		9CF6C9911B77606B008FA1E3 /* AccumulatedBonusTableViewController.m */ = {isa = PBXFileReference; fileEncoding = 4; lastKnownFileType = sourcecode.c.objc; path = AccumulatedBonusTableViewController.m; sourceTree = "<group>"; };
		9CF6C9931B777E11008FA1E3 /* TitleTableViewCell.h */ = {isa = PBXFileReference; fileEncoding = 4; lastKnownFileType = sourcecode.c.h; path = TitleTableViewCell.h; sourceTree = "<group>"; };
		9CF6C9941B777E11008FA1E3 /* TitleTableViewCell.m */ = {isa = PBXFileReference; fileEncoding = 4; lastKnownFileType = sourcecode.c.objc; path = TitleTableViewCell.m; sourceTree = "<group>"; };
		9CF6C9961B777EDC008FA1E3 /* DetailTableViewCell.h */ = {isa = PBXFileReference; fileEncoding = 4; lastKnownFileType = sourcecode.c.h; path = DetailTableViewCell.h; sourceTree = "<group>"; };
		9CF6C9971B777EDC008FA1E3 /* DetailTableViewCell.m */ = {isa = PBXFileReference; fileEncoding = 4; lastKnownFileType = sourcecode.c.objc; path = DetailTableViewCell.m; sourceTree = "<group>"; };
		9CF6C9981B777EDC008FA1E3 /* DetailTableViewCell.xib */ = {isa = PBXFileReference; fileEncoding = 4; lastKnownFileType = file.xib; path = DetailTableViewCell.xib; sourceTree = "<group>"; };
		9CF6C9A01B778E2F008FA1E3 /* MissionDetailContentTableViewCell.h */ = {isa = PBXFileReference; fileEncoding = 4; lastKnownFileType = sourcecode.c.h; path = MissionDetailContentTableViewCell.h; sourceTree = "<group>"; };
		9CF6C9A11B778E2F008FA1E3 /* MissionDetailContentTableViewCell.m */ = {isa = PBXFileReference; fileEncoding = 4; lastKnownFileType = sourcecode.c.objc; path = MissionDetailContentTableViewCell.m; sourceTree = "<group>"; };
		9CF6C9A21B778E2F008FA1E3 /* MissionDetailContentTableViewCell.xib */ = {isa = PBXFileReference; fileEncoding = 4; lastKnownFileType = file.xib; path = MissionDetailContentTableViewCell.xib; sourceTree = "<group>"; };
/* End PBXFileReference section */

/* Begin PBXFrameworksBuildPhase section */
		9CE453E01B6E4ABC0099F5C8 /* Frameworks */ = {
			isa = PBXFrameworksBuildPhase;
			buildActionMask = 2147483647;
			files = (
			);
			runOnlyForDeploymentPostprocessing = 0;
		};
		9CE453F91B6E4ABD0099F5C8 /* Frameworks */ = {
			isa = PBXFrameworksBuildPhase;
			buildActionMask = 2147483647;
			files = (
			);
			runOnlyForDeploymentPostprocessing = 0;
		};
/* End PBXFrameworksBuildPhase section */

/* Begin PBXGroup section */
		9C14CDDA1B7F3AD7008EF6C2 /* DataControl */ = {
			isa = PBXGroup;
			children = (
				9C14CDDB1B7F3B03008EF6C2 /* DataModel */,
				9CE454121B6E4EDC0099F5C8 /* CoreDataManager.h */,
				9CE454131B6E4EDC0099F5C8 /* CoreDataManager.m */,
			);
			name = DataControl;
			sourceTree = "<group>";
		};
		9C14CDDB1B7F3B03008EF6C2 /* DataModel */ = {
			isa = PBXGroup;
			children = (
				9C14CDDC1B7F6EB7008EF6C2 /* Mission.h */,
				9C14CDDD1B7F6EB7008EF6C2 /* Mission.m */,
				9C14CDD71B7F3ABD008EF6C2 /* MissionRecord.h */,
				9C14CDD81B7F3ABD008EF6C2 /* MissionRecord.m */,
				9C14CDD11B7F3ABD008EF6C2 /* Package.h */,
				9C14CDD21B7F3ABD008EF6C2 /* Package.m */,
			);
			name = DataModel;
			sourceTree = "<group>";
		};
		9CE453DA1B6E4ABC0099F5C8 = {
			isa = PBXGroup;
			children = (
				9CE453E51B6E4ABC0099F5C8 /* Rountine */,
				9CE453FF1B6E4ABD0099F5C8 /* RountineTests */,
				9CE453E41B6E4ABC0099F5C8 /* Products */,
			);
			sourceTree = "<group>";
		};
		9CE453E41B6E4ABC0099F5C8 /* Products */ = {
			isa = PBXGroup;
			children = (
				9CE453E31B6E4ABC0099F5C8 /* Rountine.app */,
				9CE453FC1B6E4ABD0099F5C8 /* RountineTests.xctest */,
			);
			name = Products;
			sourceTree = "<group>";
		};
		9CE453E51B6E4ABC0099F5C8 /* Rountine */ = {
			isa = PBXGroup;
			children = (
				9CF6C9A51B778F7B008FA1E3 /* Controller */,
				9CE453EA1B6E4ABC0099F5C8 /* AppDelegate.h */,
				9CE453EB1B6E4ABC0099F5C8 /* AppDelegate.m */,
				9C14CDDA1B7F3AD7008EF6C2 /* DataControl */,
				9CF6C9871B7612EA008FA1E3 /* CircleView.h */,
				9CF6C9881B7612EA008FA1E3 /* CircleView.m */,
				9CF6C97B1B730A31008FA1E3 /* EventView.h */,
				9CF6C97C1B730A31008FA1E3 /* EventView.m */,
				9CE453F01B6E4ABC0099F5C8 /* Main.storyboard */,
				9CE453F31B6E4ABC0099F5C8 /* Images.xcassets */,
				9CE453F51B6E4ABD0099F5C8 /* LaunchScreen.xib */,
				9CE453E61B6E4ABC0099F5C8 /* Supporting Files */,
			);
			path = Rountine;
			sourceTree = "<group>";
		};
		9CE453E61B6E4ABC0099F5C8 /* Supporting Files */ = {
			isa = PBXGroup;
			children = (
				9CE4540C1B6E4C6C0099F5C8 /* Mission.xcdatamodeld */,
				9CE453E71B6E4ABC0099F5C8 /* Info.plist */,
				9CE453E81B6E4ABC0099F5C8 /* main.m */,
				9C14CDCF1B7F1D32008EF6C2 /* DataDesign */,
			);
			name = "Supporting Files";
			sourceTree = "<group>";
		};
		9CE453FF1B6E4ABD0099F5C8 /* RountineTests */ = {
			isa = PBXGroup;
			children = (
				9CE454021B6E4ABD0099F5C8 /* RountineTests.m */,
				9CE454001B6E4ABD0099F5C8 /* Supporting Files */,
			);
			path = RountineTests;
			sourceTree = "<group>";
		};
		9CE454001B6E4ABD0099F5C8 /* Supporting Files */ = {
			isa = PBXGroup;
			children = (
				9CE454011B6E4ABD0099F5C8 /* Info.plist */,
			);
			name = "Supporting Files";
			sourceTree = "<group>";
		};
		9CF6C9A51B778F7B008FA1E3 /* Controller */ = {
			isa = PBXGroup;
			children = (
				9CF6C9A61B778F8D008FA1E3 /* New Group */,
				9CE453ED1B6E4ABC0099F5C8 /* ViewController.h */,
				9CE453EE1B6E4ABC0099F5C8 /* ViewController.m */,
				9CE454181B6E50BE0099F5C8 /* MissionListTableViewCell.h */,
				9CE454191B6E50BE0099F5C8 /* MissionListTableViewCell.m */,
				9CE454151B6E50490099F5C8 /* MissionListTableViewController.h */,
				9CE454161B6E50490099F5C8 /* MissionListTableViewController.m */,
				9CF6C9721B72F0FB008FA1E3 /* MIssionDetailViewController.h */,
				9CF6C9731B72F0FB008FA1E3 /* MIssionDetailViewController.m */,
				9CF6C98A1B774B36008FA1E3 /* MissionDetailTableViewController.h */,
				9CF6C98B1B774B36008FA1E3 /* MissionDetailTableViewController.m */,
				9CF6C9901B77606B008FA1E3 /* AccumulatedBonusTableViewController.h */,
				9CF6C9911B77606B008FA1E3 /* AccumulatedBonusTableViewController.m */,
				9CF6C9751B72FB00008FA1E3 /* NotificationSettingTableTableViewController.h */,
				9CF6C9761B72FB00008FA1E3 /* NotificationSettingTableTableViewController.m */,
			);
			name = Controller;
			sourceTree = "<group>";
		};
		9CF6C9A61B778F8D008FA1E3 /* New Group */ = {
			isa = PBXGroup;
			children = (
				9CF6C9931B777E11008FA1E3 /* TitleTableViewCell.h */,
				9CF6C9941B777E11008FA1E3 /* TitleTableViewCell.m */,
				9CF6C9961B777EDC008FA1E3 /* DetailTableViewCell.h */,
				9CF6C9971B777EDC008FA1E3 /* DetailTableViewCell.m */,
				9CF6C9981B777EDC008FA1E3 /* DetailTableViewCell.xib */,
				9CF6C9A01B778E2F008FA1E3 /* MissionDetailContentTableViewCell.h */,
				9CF6C9A11B778E2F008FA1E3 /* MissionDetailContentTableViewCell.m */,
				9CF6C9A21B778E2F008FA1E3 /* MissionDetailContentTableViewCell.xib */,
				9C14CDC71B7EDC70008EF6C2 /* MissionAlertTableViewCell.h */,
				9C14CDC81B7EDC70008EF6C2 /* MissionAlertTableViewCell.m */,
				9C14CDC91B7EDC70008EF6C2 /* MissionAlertTableViewCell.xib */,
			);
			name = "New Group";
			sourceTree = "<group>";
		};
/* End PBXGroup section */

/* Begin PBXNativeTarget section */
		9CE453E21B6E4ABC0099F5C8 /* Rountine */ = {
			isa = PBXNativeTarget;
			buildConfigurationList = 9CE454061B6E4ABD0099F5C8 /* Build configuration list for PBXNativeTarget "Rountine" */;
			buildPhases = (
				9CE453DF1B6E4ABC0099F5C8 /* Sources */,
				9CE453E01B6E4ABC0099F5C8 /* Frameworks */,
				9CE453E11B6E4ABC0099F5C8 /* Resources */,
			);
			buildRules = (
			);
			dependencies = (
			);
			name = Rountine;
			productName = Rountine;
			productReference = 9CE453E31B6E4ABC0099F5C8 /* Rountine.app */;
			productType = "com.apple.product-type.application";
		};
		9CE453FB1B6E4ABD0099F5C8 /* RountineTests */ = {
			isa = PBXNativeTarget;
			buildConfigurationList = 9CE454091B6E4ABD0099F5C8 /* Build configuration list for PBXNativeTarget "RountineTests" */;
			buildPhases = (
				9CE453F81B6E4ABD0099F5C8 /* Sources */,
				9CE453F91B6E4ABD0099F5C8 /* Frameworks */,
				9CE453FA1B6E4ABD0099F5C8 /* Resources */,
			);
			buildRules = (
			);
			dependencies = (
				9CE453FE1B6E4ABD0099F5C8 /* PBXTargetDependency */,
			);
			name = RountineTests;
			productName = RountineTests;
			productReference = 9CE453FC1B6E4ABD0099F5C8 /* RountineTests.xctest */;
			productType = "com.apple.product-type.bundle.unit-test";
		};
/* End PBXNativeTarget section */

/* Begin PBXProject section */
		9CE453DB1B6E4ABC0099F5C8 /* Project object */ = {
			isa = PBXProject;
			attributes = {
				LastUpgradeCheck = 0640;
				ORGANIZATIONNAME = fan;
				TargetAttributes = {
					9CE453E21B6E4ABC0099F5C8 = {
						CreatedOnToolsVersion = 6.4;
					};
					9CE453FB1B6E4ABD0099F5C8 = {
						CreatedOnToolsVersion = 6.4;
						TestTargetID = 9CE453E21B6E4ABC0099F5C8;
					};
				};
			};
			buildConfigurationList = 9CE453DE1B6E4ABC0099F5C8 /* Build configuration list for PBXProject "Rountine" */;
			compatibilityVersion = "Xcode 3.2";
			developmentRegion = English;
			hasScannedForEncodings = 0;
			knownRegions = (
				en,
				Base,
			);
			mainGroup = 9CE453DA1B6E4ABC0099F5C8;
			productRefGroup = 9CE453E41B6E4ABC0099F5C8 /* Products */;
			projectDirPath = "";
			projectRoot = "";
			targets = (
				9CE453E21B6E4ABC0099F5C8 /* Rountine */,
				9CE453FB1B6E4ABD0099F5C8 /* RountineTests */,
			);
		};
/* End PBXProject section */

/* Begin PBXResourcesBuildPhase section */
		9CE453E11B6E4ABC0099F5C8 /* Resources */ = {
			isa = PBXResourcesBuildPhase;
			buildActionMask = 2147483647;
			files = (
				9CE453F21B6E4ABC0099F5C8 /* Main.storyboard in Resources */,
				9CF6C9A41B778E2F008FA1E3 /* MissionDetailContentTableViewCell.xib in Resources */,
				9CE453F71B6E4ABD0099F5C8 /* LaunchScreen.xib in Resources */,
				9C14CDCB1B7EDC70008EF6C2 /* MissionAlertTableViewCell.xib in Resources */,
				9C14CDD01B7F1D32008EF6C2 /* DataDesign in Resources */,
				9CF6C99A1B777EDC008FA1E3 /* DetailTableViewCell.xib in Resources */,
				9CE453F41B6E4ABD0099F5C8 /* Images.xcassets in Resources */,
			);
			runOnlyForDeploymentPostprocessing = 0;
		};
		9CE453FA1B6E4ABD0099F5C8 /* Resources */ = {
			isa = PBXResourcesBuildPhase;
			buildActionMask = 2147483647;
			files = (
			);
			runOnlyForDeploymentPostprocessing = 0;
		};
/* End PBXResourcesBuildPhase section */

/* Begin PBXSourcesBuildPhase section */
		9CE453DF1B6E4ABC0099F5C8 /* Sources */ = {
			isa = PBXSourcesBuildPhase;
			buildActionMask = 2147483647;
			files = (
				9CE454141B6E4EDC0099F5C8 /* CoreDataManager.m in Sources */,
				9C14CDCA1B7EDC70008EF6C2 /* MissionAlertTableViewCell.m in Sources */,
				9CF6C9741B72F0FB008FA1E3 /* MIssionDetailViewController.m in Sources */,
				9C14CDD91B7F3ABD008EF6C2 /* MissionRecord.m in Sources */,
				9CE454171B6E50490099F5C8 /* MissionListTableViewController.m in Sources */,
				9CF6C9A31B778E2F008FA1E3 /* MissionDetailContentTableViewCell.m in Sources */,
				9CF6C9951B777E11008FA1E3 /* TitleTableViewCell.m in Sources */,
				9CF6C9771B72FB00008FA1E3 /* NotificationSettingTableTableViewController.m in Sources */,
				9CF6C9991B777EDC008FA1E3 /* DetailTableViewCell.m in Sources */,
				9CF6C98C1B774B36008FA1E3 /* MissionDetailTableViewController.m in Sources */,
				9C14CDDE1B7F6EB7008EF6C2 /* Mission.m in Sources */,
				9CE453EF1B6E4ABC0099F5C8 /* ViewController.m in Sources */,
				9CE453EC1B6E4ABC0099F5C8 /* AppDelegate.m in Sources */,
				9CF6C9921B77606B008FA1E3 /* AccumulatedBonusTableViewController.m in Sources */,
				9C14CDD31B7F3ABD008EF6C2 /* Package.m in Sources */,
				9CE4540E1B6E4C6C0099F5C8 /* Mission.xcdatamodeld in Sources */,
				9CF6C9891B7612EA008FA1E3 /* CircleView.m in Sources */,
				9CF6C97D1B730A31008FA1E3 /* EventView.m in Sources */,
				9CE4541A1B6E50BE0099F5C8 /* MissionListTableViewCell.m in Sources */,
				9CE453E91B6E4ABC0099F5C8 /* main.m in Sources */,
			);
			runOnlyForDeploymentPostprocessing = 0;
		};
		9CE453F81B6E4ABD0099F5C8 /* Sources */ = {
			isa = PBXSourcesBuildPhase;
			buildActionMask = 2147483647;
			files = (
				9CE454031B6E4ABD0099F5C8 /* RountineTests.m in Sources */,
			);
			runOnlyForDeploymentPostprocessing = 0;
		};
/* End PBXSourcesBuildPhase section */

/* Begin PBXTargetDependency section */
		9CE453FE1B6E4ABD0099F5C8 /* PBXTargetDependency */ = {
			isa = PBXTargetDependency;
			target = 9CE453E21B6E4ABC0099F5C8 /* Rountine */;
			targetProxy = 9CE453FD1B6E4ABD0099F5C8 /* PBXContainerItemProxy */;
		};
/* End PBXTargetDependency section */

/* Begin PBXVariantGroup section */
		9CE453F01B6E4ABC0099F5C8 /* Main.storyboard */ = {
			isa = PBXVariantGroup;
			children = (
				9CE453F11B6E4ABC0099F5C8 /* Base */,
			);
			name = Main.storyboard;
			sourceTree = "<group>";
		};
		9CE453F51B6E4ABD0099F5C8 /* LaunchScreen.xib */ = {
			isa = PBXVariantGroup;
			children = (
				9CE453F61B6E4ABD0099F5C8 /* Base */,
			);
			name = LaunchScreen.xib;
			sourceTree = "<group>";
		};
/* End PBXVariantGroup section */

/* Begin XCBuildConfiguration section */
		9CE454041B6E4ABD0099F5C8 /* Debug */ = {
			isa = XCBuildConfiguration;
			buildSettings = {
				ALWAYS_SEARCH_USER_PATHS = NO;
				CLANG_CXX_LANGUAGE_STANDARD = "gnu++0x";
				CLANG_CXX_LIBRARY = "libc++";
				CLANG_ENABLE_MODULES = YES;
				CLANG_ENABLE_OBJC_ARC = YES;
				CLANG_WARN_BOOL_CONVERSION = YES;
				CLANG_WARN_CONSTANT_CONVERSION = YES;
				CLANG_WARN_DIRECT_OBJC_ISA_USAGE = YES_ERROR;
				CLANG_WARN_EMPTY_BODY = YES;
				CLANG_WARN_ENUM_CONVERSION = YES;
				CLANG_WARN_INT_CONVERSION = YES;
				CLANG_WARN_OBJC_ROOT_CLASS = YES_ERROR;
				CLANG_WARN_UNREACHABLE_CODE = YES;
				CLANG_WARN__DUPLICATE_METHOD_MATCH = YES;
				"CODE_SIGN_IDENTITY[sdk=iphoneos*]" = "iPhone Developer";
				COPY_PHASE_STRIP = NO;
				DEBUG_INFORMATION_FORMAT = "dwarf-with-dsym";
				ENABLE_STRICT_OBJC_MSGSEND = YES;
				GCC_C_LANGUAGE_STANDARD = gnu99;
				GCC_DYNAMIC_NO_PIC = NO;
				GCC_NO_COMMON_BLOCKS = YES;
				GCC_OPTIMIZATION_LEVEL = 0;
				GCC_PREPROCESSOR_DEFINITIONS = (
					"DEBUG=1",
					"$(inherited)",
				);
				GCC_SYMBOLS_PRIVATE_EXTERN = NO;
				GCC_WARN_64_TO_32_BIT_CONVERSION = YES;
				GCC_WARN_ABOUT_RETURN_TYPE = YES_ERROR;
				GCC_WARN_UNDECLARED_SELECTOR = YES;
				GCC_WARN_UNINITIALIZED_AUTOS = YES_AGGRESSIVE;
				GCC_WARN_UNUSED_FUNCTION = YES;
				GCC_WARN_UNUSED_VARIABLE = YES;
				IPHONEOS_DEPLOYMENT_TARGET = 8.4;
				MTL_ENABLE_DEBUG_INFO = YES;
				ONLY_ACTIVE_ARCH = YES;
				SDKROOT = iphoneos;
			};
			name = Debug;
		};
		9CE454051B6E4ABD0099F5C8 /* Release */ = {
			isa = XCBuildConfiguration;
			buildSettings = {
				ALWAYS_SEARCH_USER_PATHS = NO;
				CLANG_CXX_LANGUAGE_STANDARD = "gnu++0x";
				CLANG_CXX_LIBRARY = "libc++";
				CLANG_ENABLE_MODULES = YES;
				CLANG_ENABLE_OBJC_ARC = YES;
				CLANG_WARN_BOOL_CONVERSION = YES;
				CLANG_WARN_CONSTANT_CONVERSION = YES;
				CLANG_WARN_DIRECT_OBJC_ISA_USAGE = YES_ERROR;
				CLANG_WARN_EMPTY_BODY = YES;
				CLANG_WARN_ENUM_CONVERSION = YES;
				CLANG_WARN_INT_CONVERSION = YES;
				CLANG_WARN_OBJC_ROOT_CLASS = YES_ERROR;
				CLANG_WARN_UNREACHABLE_CODE = YES;
				CLANG_WARN__DUPLICATE_METHOD_MATCH = YES;
				"CODE_SIGN_IDENTITY[sdk=iphoneos*]" = "iPhone Developer";
				COPY_PHASE_STRIP = NO;
				DEBUG_INFORMATION_FORMAT = "dwarf-with-dsym";
				ENABLE_NS_ASSERTIONS = NO;
				ENABLE_STRICT_OBJC_MSGSEND = YES;
				GCC_C_LANGUAGE_STANDARD = gnu99;
				GCC_NO_COMMON_BLOCKS = YES;
				GCC_WARN_64_TO_32_BIT_CONVERSION = YES;
				GCC_WARN_ABOUT_RETURN_TYPE = YES_ERROR;
				GCC_WARN_UNDECLARED_SELECTOR = YES;
				GCC_WARN_UNINITIALIZED_AUTOS = YES_AGGRESSIVE;
				GCC_WARN_UNUSED_FUNCTION = YES;
				GCC_WARN_UNUSED_VARIABLE = YES;
				IPHONEOS_DEPLOYMENT_TARGET = 8.4;
				MTL_ENABLE_DEBUG_INFO = NO;
				SDKROOT = iphoneos;
				VALIDATE_PRODUCT = YES;
			};
			name = Release;
		};
		9CE454071B6E4ABD0099F5C8 /* Debug */ = {
			isa = XCBuildConfiguration;
			buildSettings = {
				ASSETCATALOG_COMPILER_APPICON_NAME = AppIcon;
				INFOPLIST_FILE = Rountine/Info.plist;
				IPHONEOS_DEPLOYMENT_TARGET = 7.0;
				LD_RUNPATH_SEARCH_PATHS = "$(inherited) @executable_path/Frameworks";
				PRODUCT_NAME = "$(TARGET_NAME)";
			};
			name = Debug;
		};
		9CE454081B6E4ABD0099F5C8 /* Release */ = {
			isa = XCBuildConfiguration;
			buildSettings = {
				ASSETCATALOG_COMPILER_APPICON_NAME = AppIcon;
				INFOPLIST_FILE = Rountine/Info.plist;
				IPHONEOS_DEPLOYMENT_TARGET = 7.0;
				LD_RUNPATH_SEARCH_PATHS = "$(inherited) @executable_path/Frameworks";
				PRODUCT_NAME = "$(TARGET_NAME)";
			};
			name = Release;
		};
		9CE4540A1B6E4ABD0099F5C8 /* Debug */ = {
			isa = XCBuildConfiguration;
			buildSettings = {
				BUNDLE_LOADER = "$(TEST_HOST)";
				FRAMEWORK_SEARCH_PATHS = (
					"$(SDKROOT)/Developer/Library/Frameworks",
					"$(inherited)",
				);
				GCC_PREPROCESSOR_DEFINITIONS = (
					"DEBUG=1",
					"$(inherited)",
				);
				INFOPLIST_FILE = RountineTests/Info.plist;
				LD_RUNPATH_SEARCH_PATHS = "$(inherited) @executable_path/Frameworks @loader_path/Frameworks";
				PRODUCT_NAME = "$(TARGET_NAME)";
				TEST_HOST = "$(BUILT_PRODUCTS_DIR)/Rountine.app/Rountine";
			};
			name = Debug;
		};
		9CE4540B1B6E4ABD0099F5C8 /* Release */ = {
			isa = XCBuildConfiguration;
			buildSettings = {
				BUNDLE_LOADER = "$(TEST_HOST)";
				FRAMEWORK_SEARCH_PATHS = (
					"$(SDKROOT)/Developer/Library/Frameworks",
					"$(inherited)",
				);
				INFOPLIST_FILE = RountineTests/Info.plist;
				LD_RUNPATH_SEARCH_PATHS = "$(inherited) @executable_path/Frameworks @loader_path/Frameworks";
				PRODUCT_NAME = "$(TARGET_NAME)";
				TEST_HOST = "$(BUILT_PRODUCTS_DIR)/Rountine.app/Rountine";
			};
			name = Release;
		};
/* End XCBuildConfiguration section */

/* Begin XCConfigurationList section */
		9CE453DE1B6E4ABC0099F5C8 /* Build configuration list for PBXProject "Rountine" */ = {
			isa = XCConfigurationList;
			buildConfigurations = (
				9CE454041B6E4ABD0099F5C8 /* Debug */,
				9CE454051B6E4ABD0099F5C8 /* Release */,
			);
			defaultConfigurationIsVisible = 0;
			defaultConfigurationName = Release;
		};
		9CE454061B6E4ABD0099F5C8 /* Build configuration list for PBXNativeTarget "Rountine" */ = {
			isa = XCConfigurationList;
			buildConfigurations = (
				9CE454071B6E4ABD0099F5C8 /* Debug */,
				9CE454081B6E4ABD0099F5C8 /* Release */,
			);
			defaultConfigurationIsVisible = 0;
			defaultConfigurationName = Release;
		};
		9CE454091B6E4ABD0099F5C8 /* Build configuration list for PBXNativeTarget "RountineTests" */ = {
			isa = XCConfigurationList;
			buildConfigurations = (
				9CE4540A1B6E4ABD0099F5C8 /* Debug */,
				9CE4540B1B6E4ABD0099F5C8 /* Release */,
			);
			defaultConfigurationIsVisible = 0;
			defaultConfigurationName = Release;
		};
/* End XCConfigurationList section */

/* Begin XCVersionGroup section */
		9CE4540C1B6E4C6C0099F5C8 /* Mission.xcdatamodeld */ = {
			isa = XCVersionGroup;
			children = (
				9CE4540D1B6E4C6C0099F5C8 /* Mission.xcdatamodel */,
			);
			currentVersion = 9CE4540D1B6E4C6C0099F5C8 /* Mission.xcdatamodel */;
			path = Mission.xcdatamodeld;
			sourceTree = "<group>";
			versionGroupType = wrapper.xcdatamodel;
		};
/* End XCVersionGroup section */
	};
	rootObject = 9CE453DB1B6E4ABC0099F5C8 /* Project object */;
}
